
Microsoft Visual Studio Solution File, Format Version 12.00
# Visual Studio Version 16
VisualStudioVersion = 16.0.30711.63
MinimumVisualStudioVersion = 10.0.40219.1
Project("{9A19103F-16F7-4668-BE54-9A1E7A4F7556}") = "GeoMed", "GeoMed\GeoMed.csproj", "{EDB4EFF4-1B22-4A97-926D-2F80E2857ECD}"
EndProject
Project("{2150E333-8FDC-42A3-9474-1A3956D46DE8}") = "Base", "Base", "{FA66B676-DD38-4062-A903-F982AD34B665}"
EndProject
Project("{2150E333-8FDC-42A3-9474-1A3956D46DE8}") = "UI", "UI", "{CBFC89E1-DDE7-49CD-BFB3-60C0D4B4F0A3}"
EndProject
Project("{2150E333-8FDC-42A3-9474-1A3956D46DE8}") = "BoundedContext", "BoundedContext", "{A1C8D45B-AB1E-4132-8C87-60DC8EA0C84E}"
EndProject
Project("{2150E333-8FDC-42A3-9474-1A3956D46DE8}") = "Patient", "Patient", "{07A8AD8D-A88D-44B8-9D3A-3C5461719AA3}"
EndProject
Project("{2150E333-8FDC-42A3-9474-1A3956D46DE8}") = "Security", "Security", "{ACAABF7E-C8DC-48E0-BBE3-965D3971B8A2}"
EndProject
Project("{2150E333-8FDC-42A3-9474-1A3956D46DE8}") = "Setting", "Setting", "{BEAF75A8-290A-4EA8-AAE1-27F30F0DCD32}"
EndProject
Project("{2150E333-8FDC-42A3-9474-1A3956D46DE8}") = "Share", "Share", "{24CA96F6-4B38-413B-99F4-424FDE3DC4F2}"
EndProject
Project("{2150E333-8FDC-42A3-9474-1A3956D46DE8}") = "Infrastructure", "Infrastructure", "{5C4C3120-728A-4A6F-8BC3-04279C10EFF4}"
EndProject
Project("{2150E333-8FDC-42A3-9474-1A3956D46DE8}") = "SharedKernal", "SharedKernal", "{39DAB712-C45F-418F-9F6C-0AADF858AE5D}"
EndProject
Project("{9A19103F-16F7-4668-BE54-9A1E7A4F7556}") = "GeoMed.SharedKernal", "GeoMed.SharedKernal\GeoMed.SharedKernal.csproj", "{BDA3267F-B63B-4211-86F4-0096E42CB730}"
EndProject
Project("{9A19103F-16F7-4668-BE54-9A1E7A4F7556}") = "GeoMed.SqlServer", "GeoMed.SqlServer\GeoMed.SqlServer.csproj", "{37CC7D09-3ABF-4E2E-A261-6C7E4BDF1C50}"
EndProject
Project("{9A19103F-16F7-4668-BE54-9A1E7A4F7556}") = "GeoMed.Model", "GeoMed.Model\GeoMed.Model.csproj", "{DD2D4C91-520A-40F3-8A2D-99B95E07BA3C}"
EndProject
Project("{9A19103F-16F7-4668-BE54-9A1E7A4F7556}") = "GeoMed.Share", "GeoMed.Share\GeoMed.Share.csproj", "{6914D089-4E47-4DCC-848A-1530174F9C9C}"
EndProject
Project("{9A19103F-16F7-4668-BE54-9A1E7A4F7556}") = "GeoMed.Setting", "GeoMed.Setting\GeoMed.Setting.csproj", "{549B6608-9FE5-4650-B0CC-4C945F3C1701}"
EndProject
Project("{9A19103F-16F7-4668-BE54-9A1E7A4F7556}") = "GeoMed.Security", "GeoMed.Security\GeoMed.Security.csproj", "{4FAF9A01-C610-4EBF-AFEE-8C08EBE54BAE}"
EndProject
Project("{9A19103F-16F7-4668-BE54-9A1E7A4F7556}") = "GeoMed.IPatientRepository", "GeoMed.IPatientRepository\GeoMed.IPatientRepository.csproj", "{43F62F17-0BBE-46E0-8072-3F08EFF1CF39}"
EndProject
Project("{9A19103F-16F7-4668-BE54-9A1E7A4F7556}") = "GeoMed.PatientRepository", "GeoMed.Patient\GeoMed.PatientRepository.csproj", "{7E6F0EEC-0476-4AF4-9FA3-A29D70292D41}"
EndProject
Project("{9A19103F-16F7-4668-BE54-9A1E7A4F7556}") = "GeoMed.Base", "GeoMed.Base\GeoMed.Base.csproj", "{4B6CD563-6FC1-4629-B471-C6D28033F479}"
EndProject
Project("{FAE04EC0-301F-11D3-BF4B-00C04F79EFBC}") = "GeoMed.DTO", "GeoMed.DTO\GeoMed.DTO.csproj", "{320363DF-09A0-4FC0-8A35-69D3D6924AAB}"
EndProject
Global
	GlobalSection(SolutionConfigurationPlatforms) = preSolution
		Debug|Any CPU = Debug|Any CPU
		Release|Any CPU = Release|Any CPU
	EndGlobalSection
	GlobalSection(ProjectConfigurationPlatforms) = postSolution
		{EDB4EFF4-1B22-4A97-926D-2F80E2857ECD}.Debug|Any CPU.ActiveCfg = Debug|Any CPU
		{EDB4EFF4-1B22-4A97-926D-2F80E2857ECD}.Debug|Any CPU.Build.0 = Debug|Any CPU
		{EDB4EFF4-1B22-4A97-926D-2F80E2857ECD}.Release|Any CPU.ActiveCfg = Release|Any CPU
		{EDB4EFF4-1B22-4A97-926D-2F80E2857ECD}.Release|Any CPU.Build.0 = Release|Any CPU
		{BDA3267F-B63B-4211-86F4-0096E42CB730}.Debug|Any CPU.ActiveCfg = Debug|Any CPU
		{BDA3267F-B63B-4211-86F4-0096E42CB730}.Debug|Any CPU.Build.0 = Debug|Any CPU
		{BDA3267F-B63B-4211-86F4-0096E42CB730}.Release|Any CPU.ActiveCfg = Release|Any CPU
		{BDA3267F-B63B-4211-86F4-0096E42CB730}.Release|Any CPU.Build.0 = Release|Any CPU
		{37CC7D09-3ABF-4E2E-A261-6C7E4BDF1C50}.Debug|Any CPU.ActiveCfg = Debug|Any CPU
		{37CC7D09-3ABF-4E2E-A261-6C7E4BDF1C50}.Debug|Any CPU.Build.0 = Debug|Any CPU
		{37CC7D09-3ABF-4E2E-A261-6C7E4BDF1C50}.Release|Any CPU.ActiveCfg = Release|Any CPU
		{37CC7D09-3ABF-4E2E-A261-6C7E4BDF1C50}.Release|Any CPU.Build.0 = Release|Any CPU
		{DD2D4C91-520A-40F3-8A2D-99B95E07BA3C}.Debug|Any CPU.ActiveCfg = Debug|Any CPU
		{DD2D4C91-520A-40F3-8A2D-99B95E07BA3C}.Debug|Any CPU.Build.0 = Debug|Any CPU
		{DD2D4C91-520A-40F3-8A2D-99B95E07BA3C}.Release|Any CPU.ActiveCfg = Release|Any CPU
		{DD2D4C91-520A-40F3-8A2D-99B95E07BA3C}.Release|Any CPU.Build.0 = Release|Any CPU
		{6914D089-4E47-4DCC-848A-1530174F9C9C}.Debug|Any CPU.ActiveCfg = Debug|Any CPU
		{6914D089-4E47-4DCC-848A-1530174F9C9C}.Debug|Any CPU.Build.0 = Debug|Any CPU
		{6914D089-4E47-4DCC-848A-1530174F9C9C}.Release|Any CPU.ActiveCfg = Release|Any CPU
		{6914D089-4E47-4DCC-848A-1530174F9C9C}.Release|Any CPU.Build.0 = Release|Any CPU
		{549B6608-9FE5-4650-B0CC-4C945F3C1701}.Debug|Any CPU.ActiveCfg = Debug|Any CPU
		{549B6608-9FE5-4650-B0CC-4C945F3C1701}.Debug|Any CPU.Build.0 = Debug|Any CPU
		{549B6608-9FE5-4650-B0CC-4C945F3C1701}.Release|Any CPU.ActiveCfg = Release|Any CPU
		{549B6608-9FE5-4650-B0CC-4C945F3C1701}.Release|Any CPU.Build.0 = Release|Any CPU
		{4FAF9A01-C610-4EBF-AFEE-8C08EBE54BAE}.Debug|Any CPU.ActiveCfg = Debug|Any CPU
		{4FAF9A01-C610-4EBF-AFEE-8C08EBE54BAE}.Debug|Any CPU.Build.0 = Debug|Any CPU
		{4FAF9A01-C610-4EBF-AFEE-8C08EBE54BAE}.Release|Any CPU.ActiveCfg = Release|Any CPU
		{4FAF9A01-C610-4EBF-AFEE-8C08EBE54BAE}.Release|Any CPU.Build.0 = Release|Any CPU
		{43F62F17-0BBE-46E0-8072-3F08EFF1CF39}.Debug|Any CPU.ActiveCfg = Debug|Any CPU
		{43F62F17-0BBE-46E0-8072-3F08EFF1CF39}.Debug|Any CPU.Build.0 = Debug|Any CPU
		{43F62F17-0BBE-46E0-8072-3F08EFF1CF39}.Release|Any CPU.ActiveCfg = Release|Any CPU
		{43F62F17-0BBE-46E0-8072-3F08EFF1CF39}.Release|Any CPU.Build.0 = Release|Any CPU
		{7E6F0EEC-0476-4AF4-9FA3-A29D70292D41}.Debug|Any CPU.ActiveCfg = Debug|Any CPU
		{7E6F0EEC-0476-4AF4-9FA3-A29D70292D41}.Debug|Any CPU.Build.0 = Debug|Any CPU
		{7E6F0EEC-0476-4AF4-9FA3-A29D70292D41}.Release|Any CPU.ActiveCfg = Release|Any CPU
		{7E6F0EEC-0476-4AF4-9FA3-A29D70292D41}.Release|Any CPU.Build.0 = Release|Any CPU
		{4B6CD563-6FC1-4629-B471-C6D28033F479}.Debug|Any CPU.ActiveCfg = Debug|Any CPU
		{4B6CD563-6FC1-4629-B471-C6D28033F479}.Debug|Any CPU.Build.0 = Debug|Any CPU
		{4B6CD563-6FC1-4629-B471-C6D28033F479}.Release|Any CPU.ActiveCfg = Release|Any CPU
		{4B6CD563-6FC1-4629-B471-C6D28033F479}.Release|Any CPU.Build.0 = Release|Any CPU
		{320363DF-09A0-4FC0-8A35-69D3D6924AAB}.Debug|Any CPU.ActiveCfg = Debug|Any CPU
		{320363DF-09A0-4FC0-8A35-69D3D6924AAB}.Debug|Any CPU.Build.0 = Debug|Any CPU
		{320363DF-09A0-4FC0-8A35-69D3D6924AAB}.Release|Any CPU.ActiveCfg = Release|Any CPU
		{320363DF-09A0-4FC0-8A35-69D3D6924AAB}.Release|Any CPU.Build.0 = Release|Any CPU
	EndGlobalSection
	GlobalSection(SolutionProperties) = preSolution
		HideSolutionNode = FALSE
	EndGlobalSection
	GlobalSection(NestedProjects) = preSolution
		{EDB4EFF4-1B22-4A97-926D-2F80E2857ECD} = {CBFC89E1-DDE7-49CD-BFB3-60C0D4B4F0A3}
		{FA66B676-DD38-4062-A903-F982AD34B665} = {A1C8D45B-AB1E-4132-8C87-60DC8EA0C84E}
		{07A8AD8D-A88D-44B8-9D3A-3C5461719AA3} = {A1C8D45B-AB1E-4132-8C87-60DC8EA0C84E}
		{ACAABF7E-C8DC-48E0-BBE3-965D3971B8A2} = {A1C8D45B-AB1E-4132-8C87-60DC8EA0C84E}
		{BEAF75A8-290A-4EA8-AAE1-27F30F0DCD32} = {A1C8D45B-AB1E-4132-8C87-60DC8EA0C84E}
		{24CA96F6-4B38-413B-99F4-424FDE3DC4F2} = {A1C8D45B-AB1E-4132-8C87-60DC8EA0C84E}
		{BDA3267F-B63B-4211-86F4-0096E42CB730} = {39DAB712-C45F-418F-9F6C-0AADF858AE5D}
		{37CC7D09-3ABF-4E2E-A261-6C7E4BDF1C50} = {5C4C3120-728A-4A6F-8BC3-04279C10EFF4}
		{DD2D4C91-520A-40F3-8A2D-99B95E07BA3C} = {5C4C3120-728A-4A6F-8BC3-04279C10EFF4}
		{6914D089-4E47-4DCC-848A-1530174F9C9C} = {24CA96F6-4B38-413B-99F4-424FDE3DC4F2}
		{549B6608-9FE5-4650-B0CC-4C945F3C1701} = {BEAF75A8-290A-4EA8-AAE1-27F30F0DCD32}
		{4FAF9A01-C610-4EBF-AFEE-8C08EBE54BAE} = {ACAABF7E-C8DC-48E0-BBE3-965D3971B8A2}
		{43F62F17-0BBE-46E0-8072-3F08EFF1CF39} = {07A8AD8D-A88D-44B8-9D3A-3C5461719AA3}
		{7E6F0EEC-0476-4AF4-9FA3-A29D70292D41} = {07A8AD8D-A88D-44B8-9D3A-3C5461719AA3}
		{4B6CD563-6FC1-4629-B471-C6D28033F479} = {FA66B676-DD38-4062-A903-F982AD34B665}
		{320363DF-09A0-4FC0-8A35-69D3D6924AAB} = {07A8AD8D-A88D-44B8-9D3A-3C5461719AA3}
	EndGlobalSection
	GlobalSection(ExtensibilityGlobals) = postSolution
		SolutionGuid = {D371B086-586A-4BD5-9B8D-D6AB7BF3E23D}
	EndGlobalSection
EndGlobal
